
Microsoft Visual Studio Solution File, Format Version 12.00
# Visual Studio Version 17
VisualStudioVersion = 17.0.31903.59
MinimumVisualStudioVersion = 10.0.40219.1
Project("{2150E333-8FDC-42A3-9474-1A3956D46DE8}") = "src", "src", "{827E0CD3-B72D-47B6-A68D-7590B98EB39B}"
EndProject
Project("{FAE04EC0-301F-11D3-BF4B-00C04F79EFBC}") = "DigitalCards.Domain", "src\DigitalCards.Domain\DigitalCards.Domain.csproj", "{2131F733-5EDE-4DC3-9EA6-71B150C3015F}"
EndProject
Project("{FAE04EC0-301F-11D3-BF4B-00C04F79EFBC}") = "DigitalCards.Application", "src\DigitalCards.Application\DigitalCards.Application.csproj", "{A2E9C300-738C-46EC-A12B-DE26C6493249}"
EndProject
Project("{FAE04EC0-301F-11D3-BF4B-00C04F79EFBC}") = "DigitalCards.Infrastructure", "src\DigitalCards.Infrastructure\DigitalCards.Infrastructure.csproj", "{8A315F58-6983-419A-9429-510A31FA887E}"
EndProject
Project("{FAE04EC0-301F-11D3-BF4B-00C04F79EFBC}") = "DigitalCards.Web", "src\DigitalCards.Web\DigitalCards.Web.csproj", "{8587F4A6-FFBC-4F80-B7E3-805D59140E5A}"
EndProject
Project("{FAE04EC0-301F-11D3-BF4B-00C04F79EFBC}") = "DigitalCards.Domain.Tests", "tests\DigitalCards.Domain.Tests\DigitalCards.Domain.Tests.csproj", "{B2EBF6C8-0FCF-4AFD-AA39-4910E5E846AB}"
EndProject
Project("{FAE04EC0-301F-11D3-BF4B-00C04F79EFBC}") = "DigitalCards.Application.Tests", "tests\DigitalCards.Application.Tests\DigitalCards.Application.Tests.csproj", "{62C7E18C-C118-4D4D-9A52-7B39F626E76E}"
EndProject
Project("{FAE04EC0-301F-11D3-BF4B-00C04F79EFBC}") = "DigitalCards.Web.Tests", "tests\DigitalCards.Web.Tests\DigitalCards.Web.Tests.csproj", "{288914C5-0F9E-488A-A366-EEE2388E0BC6}"
EndProject
Project("{FAE04EC0-301F-11D3-BF4B-00C04F79EFBC}") = "DigitalCards.E2E.Tests", "tests\DigitalCards.E2E.Tests\DigitalCards.E2E.Tests.csproj", "{71D05392-E791-467D-AA6D-67340A3407DE}"
EndProject
Global
	GlobalSection(SolutionConfigurationPlatforms) = preSolution
		Debug|Any CPU = Debug|Any CPU
		Debug|x64 = Debug|x64
		Debug|x86 = Debug|x86
		Release|Any CPU = Release|Any CPU
		Release|x64 = Release|x64
		Release|x86 = Release|x86
	EndGlobalSection
	GlobalSection(ProjectConfigurationPlatforms) = postSolution
		{2131F733-5EDE-4DC3-9EA6-71B150C3015F}.Debug|Any CPU.ActiveCfg = Debug|Any CPU
		{2131F733-5EDE-4DC3-9EA6-71B150C3015F}.Debug|Any CPU.Build.0 = Debug|Any CPU
		{2131F733-5EDE-4DC3-9EA6-71B150C3015F}.Debug|x64.ActiveCfg = Debug|Any CPU
		{2131F733-5EDE-4DC3-9EA6-71B150C3015F}.Debug|x64.Build.0 = Debug|Any CPU
		{2131F733-5EDE-4DC3-9EA6-71B150C3015F}.Debug|x86.ActiveCfg = Debug|Any CPU
		{2131F733-5EDE-4DC3-9EA6-71B150C3015F}.Debug|x86.Build.0 = Debug|Any CPU
		{2131F733-5EDE-4DC3-9EA6-71B150C3015F}.Release|Any CPU.ActiveCfg = Release|Any CPU
		{2131F733-5EDE-4DC3-9EA6-71B150C3015F}.Release|Any CPU.Build.0 = Release|Any CPU
		{2131F733-5EDE-4DC3-9EA6-71B150C3015F}.Release|x64.ActiveCfg = Release|Any CPU
		{2131F733-5EDE-4DC3-9EA6-71B150C3015F}.Release|x64.Build.0 = Release|Any CPU
		{2131F733-5EDE-4DC3-9EA6-71B150C3015F}.Release|x86.ActiveCfg = Release|Any CPU
		{2131F733-5EDE-4DC3-9EA6-71B150C3015F}.Release|x86.Build.0 = Release|Any CPU
		{A2E9C300-738C-46EC-A12B-DE26C6493249}.Debug|Any CPU.ActiveCfg = Debug|Any CPU
		{A2E9C300-738C-46EC-A12B-DE26C6493249}.Debug|Any CPU.Build.0 = Debug|Any CPU
		{A2E9C300-738C-46EC-A12B-DE26C6493249}.Debug|x64.ActiveCfg = Debug|Any CPU
		{A2E9C300-738C-46EC-A12B-DE26C6493249}.Debug|x64.Build.0 = Debug|Any CPU
		{A2E9C300-738C-46EC-A12B-DE26C6493249}.Debug|x86.ActiveCfg = Debug|Any CPU
		{A2E9C300-738C-46EC-A12B-DE26C6493249}.Debug|x86.Build.0 = Debug|Any CPU
		{A2E9C300-738C-46EC-A12B-DE26C6493249}.Release|Any CPU.ActiveCfg = Release|Any CPU
		{A2E9C300-738C-46EC-A12B-DE26C6493249}.Release|Any CPU.Build.0 = Release|Any CPU
		{A2E9C300-738C-46EC-A12B-DE26C6493249}.Release|x64.ActiveCfg = Release|Any CPU
		{A2E9C300-738C-46EC-A12B-DE26C6493249}.Release|x64.Build.0 = Release|Any CPU
		{A2E9C300-738C-46EC-A12B-DE26C6493249}.Release|x86.ActiveCfg = Release|Any CPU
		{A2E9C300-738C-46EC-A12B-DE26C6493249}.Release|x86.Build.0 = Release|Any CPU
		{8A315F58-6983-419A-9429-510A31FA887E}.Debug|Any CPU.ActiveCfg = Debug|Any CPU
		{8A315F58-6983-419A-9429-510A31FA887E}.Debug|Any CPU.Build.0 = Debug|Any CPU
		{8A315F58-6983-419A-9429-510A31FA887E}.Debug|x64.ActiveCfg = Debug|Any CPU
		{8A315F58-6983-419A-9429-510A31FA887E}.Debug|x64.Build.0 = Debug|Any CPU
		{8A315F58-6983-419A-9429-510A31FA887E}.Debug|x86.ActiveCfg = Debug|Any CPU
		{8A315F58-6983-419A-9429-510A31FA887E}.Debug|x86.Build.0 = Debug|Any CPU
		{8A315F58-6983-419A-9429-510A31FA887E}.Release|Any CPU.ActiveCfg = Release|Any CPU
		{8A315F58-6983-419A-9429-510A31FA887E}.Release|Any CPU.Build.0 = Release|Any CPU
		{8A315F58-6983-419A-9429-510A31FA887E}.Release|x64.ActiveCfg = Release|Any CPU
		{8A315F58-6983-419A-9429-510A31FA887E}.Release|x64.Build.0 = Release|Any CPU
		{8A315F58-6983-419A-9429-510A31FA887E}.Release|x86.ActiveCfg = Release|Any CPU
		{8A315F58-6983-419A-9429-510A31FA887E}.Release|x86.Build.0 = Release|Any CPU
		{8587F4A6-FFBC-4F80-B7E3-805D59140E5A}.Debug|Any CPU.ActiveCfg = Debug|Any CPU
		{8587F4A6-FFBC-4F80-B7E3-805D59140E5A}.Debug|Any CPU.Build.0 = Debug|Any CPU
		{8587F4A6-FFBC-4F80-B7E3-805D59140E5A}.Debug|x64.ActiveCfg = Debug|Any CPU
		{8587F4A6-FFBC-4F80-B7E3-805D59140E5A}.Debug|x64.Build.0 = Debug|Any CPU
		{8587F4A6-FFBC-4F80-B7E3-805D59140E5A}.Debug|x86.ActiveCfg = Debug|Any CPU
		{8587F4A6-FFBC-4F80-B7E3-805D59140E5A}.Debug|x86.Build.0 = Debug|Any CPU
		{8587F4A6-FFBC-4F80-B7E3-805D59140E5A}.Release|Any CPU.ActiveCfg = Release|Any CPU
		{8587F4A6-FFBC-4F80-B7E3-805D59140E5A}.Release|Any CPU.Build.0 = Release|Any CPU
		{8587F4A6-FFBC-4F80-B7E3-805D59140E5A}.Release|x64.ActiveCfg = Release|Any CPU
		{8587F4A6-FFBC-4F80-B7E3-805D59140E5A}.Release|x64.Build.0 = Release|Any CPU
		{8587F4A6-FFBC-4F80-B7E3-805D59140E5A}.Release|x86.ActiveCfg = Release|Any CPU
		{8587F4A6-FFBC-4F80-B7E3-805D59140E5A}.Release|x86.Build.0 = Release|Any CPU
		{B2EBF6C8-0FCF-4AFD-AA39-4910E5E846AB}.Debug|Any CPU.ActiveCfg = Debug|Any CPU
		{B2EBF6C8-0FCF-4AFD-AA39-4910E5E846AB}.Debug|Any CPU.Build.0 = Debug|Any CPU
		{B2EBF6C8-0FCF-4AFD-AA39-4910E5E846AB}.Debug|x64.ActiveCfg = Debug|Any CPU
		{B2EBF6C8-0FCF-4AFD-AA39-4910E5E846AB}.Debug|x64.Build.0 = Debug|Any CPU
		{B2EBF6C8-0FCF-4AFD-AA39-4910E5E846AB}.Debug|x86.ActiveCfg = Debug|Any CPU
		{B2EBF6C8-0FCF-4AFD-AA39-4910E5E846AB}.Debug|x86.Build.0 = Debug|Any CPU
		{B2EBF6C8-0FCF-4AFD-AA39-4910E5E846AB}.Release|Any CPU.ActiveCfg = Release|Any CPU
		{B2EBF6C8-0FCF-4AFD-AA39-4910E5E846AB}.Release|Any CPU.Build.0 = Release|Any CPU
		{B2EBF6C8-0FCF-4AFD-AA39-4910E5E846AB}.Release|x64.ActiveCfg = Release|Any CPU
		{B2EBF6C8-0FCF-4AFD-AA39-4910E5E846AB}.Release|x64.Build.0 = Release|Any CPU
		{B2EBF6C8-0FCF-4AFD-AA39-4910E5E846AB}.Release|x86.ActiveCfg = Release|Any CPU
		{B2EBF6C8-0FCF-4AFD-AA39-4910E5E846AB}.Release|x86.Build.0 = Release|Any CPU
		{62C7E18C-C118-4D4D-9A52-7B39F626E76E}.Debug|Any CPU.ActiveCfg = Debug|Any CPU
		{62C7E18C-C118-4D4D-9A52-7B39F626E76E}.Debug|Any CPU.Build.0 = Debug|Any CPU
		{62C7E18C-C118-4D4D-9A52-7B39F626E76E}.Debug|x64.ActiveCfg = Debug|Any CPU
		{62C7E18C-C118-4D4D-9A52-7B39F626E76E}.Debug|x64.Build.0 = Debug|Any CPU
		{62C7E18C-C118-4D4D-9A52-7B39F626E76E}.Debug|x86.ActiveCfg = Debug|Any CPU
		{62C7E18C-C118-4D4D-9A52-7B39F626E76E}.Debug|x86.Build.0 = Debug|Any CPU
		{62C7E18C-C118-4D4D-9A52-7B39F626E76E}.Release|Any CPU.ActiveCfg = Release|Any CPU
		{62C7E18C-C118-4D4D-9A52-7B39F626E76E}.Release|Any CPU.Build.0 = Release|Any CPU
		{62C7E18C-C118-4D4D-9A52-7B39F626E76E}.Release|x64.ActiveCfg = Release|Any CPU
		{62C7E18C-C118-4D4D-9A52-7B39F626E76E}.Release|x64.Build.0 = Release|Any CPU
		{62C7E18C-C118-4D4D-9A52-7B39F626E76E}.Release|x86.ActiveCfg = Release|Any CPU
		{62C7E18C-C118-4D4D-9A52-7B39F626E76E}.Release|x86.Build.0 = Release|Any CPU
		{288914C5-0F9E-488A-A366-EEE2388E0BC6}.Debug|Any CPU.ActiveCfg = Debug|Any CPU
		{288914C5-0F9E-488A-A366-EEE2388E0BC6}.Debug|Any CPU.Build.0 = Debug|Any CPU
		{288914C5-0F9E-488A-A366-EEE2388E0BC6}.Debug|x64.ActiveCfg = Debug|Any CPU
		{288914C5-0F9E-488A-A366-EEE2388E0BC6}.Debug|x64.Build.0 = Debug|Any CPU
		{288914C5-0F9E-488A-A366-EEE2388E0BC6}.Debug|x86.ActiveCfg = Debug|Any CPU
		{288914C5-0F9E-488A-A366-EEE2388E0BC6}.Debug|x86.Build.0 = Debug|Any CPU
		{288914C5-0F9E-488A-A366-EEE2388E0BC6}.Release|Any CPU.ActiveCfg = Release|Any CPU
		{288914C5-0F9E-488A-A366-EEE2388E0BC6}.Release|Any CPU.Build.0 = Release|Any CPU
		{288914C5-0F9E-488A-A366-EEE2388E0BC6}.Release|x64.ActiveCfg = Release|Any CPU
		{288914C5-0F9E-488A-A366-EEE2388E0BC6}.Release|x64.Build.0 = Release|Any CPU
		{288914C5-0F9E-488A-A366-EEE2388E0BC6}.Release|x86.ActiveCfg = Release|Any CPU
		{288914C5-0F9E-488A-A366-EEE2388E0BC6}.Release|x86.Build.0 = Release|Any CPU
		{71D05392-E791-467D-AA6D-67340A3407DE}.Debug|Any CPU.ActiveCfg = Debug|Any CPU
		{71D05392-E791-467D-AA6D-67340A3407DE}.Debug|Any CPU.Build.0 = Debug|Any CPU
		{71D05392-E791-467D-AA6D-67340A3407DE}.Debug|x64.ActiveCfg = Debug|Any CPU
		{71D05392-E791-467D-AA6D-67340A3407DE}.Debug|x64.Build.0 = Debug|Any CPU
		{71D05392-E791-467D-AA6D-67340A3407DE}.Debug|x86.ActiveCfg = Debug|Any CPU
		{71D05392-E791-467D-AA6D-67340A3407DE}.Debug|x86.Build.0 = Debug|Any CPU
		{71D05392-E791-467D-AA6D-67340A3407DE}.Release|Any CPU.ActiveCfg = Release|Any CPU
		{71D05392-E791-467D-AA6D-67340A3407DE}.Release|Any CPU.Build.0 = Release|Any CPU
		{71D05392-E791-467D-AA6D-67340A3407DE}.Release|x64.ActiveCfg = Release|Any CPU
		{71D05392-E791-467D-AA6D-67340A3407DE}.Release|x64.Build.0 = Release|Any CPU
		{71D05392-E791-467D-AA6D-67340A3407DE}.Release|x86.ActiveCfg = Release|Any CPU
		{71D05392-E791-467D-AA6D-67340A3407DE}.Release|x86.Build.0 = Release|Any CPU
	EndGlobalSection
	GlobalSection(SolutionProperties) = preSolution
		HideSolutionNode = FALSE
	EndGlobalSection
	GlobalSection(NestedProjects) = preSolution
		{2131F733-5EDE-4DC3-9EA6-71B150C3015F} = {827E0CD3-B72D-47B6-A68D-7590B98EB39B}
		{A2E9C300-738C-46EC-A12B-DE26C6493249} = {827E0CD3-B72D-47B6-A68D-7590B98EB39B}
		{8A315F58-6983-419A-9429-510A31FA887E} = {827E0CD3-B72D-47B6-A68D-7590B98EB39B}
		{8587F4A6-FFBC-4F80-B7E3-805D59140E5A} = {827E0CD3-B72D-47B6-A68D-7590B98EB39B}
		{B2EBF6C8-0FCF-4AFD-AA39-4910E5E846AB} = {827E0CD3-B72D-47B6-A68D-7590B98EB39B}
		{62C7E18C-C118-4D4D-9A52-7B39F626E76E} = {827E0CD3-B72D-47B6-A68D-7590B98EB39B}
		{288914C5-0F9E-488A-A366-EEE2388E0BC6} = {827E0CD3-B72D-47B6-A68D-7590B98EB39B}
		{71D05392-E791-467D-AA6D-67340A3407DE} = {827E0CD3-B72D-47B6-A68D-7590B98EB39B}
	EndGlobalSection
EndGlobal
